
Microsoft Visual Studio Solution File, Format Version 12.00
# Visual Studio Version 17
VisualStudioVersion = 17.3.32901.215
MinimumVisualStudioVersion = 10.0.40219.1
Project("{9A19103F-16F7-4668-BE54-9A1E7A4F7556}") = "EFinance.Api", "EFinance.API\EFinance.Api.csproj", "{A451A0D4-E3AA-4952-8647-46F6AD000079}"
EndProject
Project("{9A19103F-16F7-4668-BE54-9A1E7A4F7556}") = "EFinance.Domain", "EFinance.Domain\EFinance.Domain.csproj", "{03291207-ED73-4FBE-A766-9B1502363652}"
EndProject
Project("{9A19103F-16F7-4668-BE54-9A1E7A4F7556}") = "EFinance.Infra", "EFinance.Infra\EFinance.Infra.csproj", "{07F14EBB-A33C-43F6-BA51-A4CA45E6A711}"
EndProject
Global
	GlobalSection(SolutionConfigurationPlatforms) = preSolution
		Debug|Any CPU = Debug|Any CPU
		Release|Any CPU = Release|Any CPU
	EndGlobalSection
	GlobalSection(ProjectConfigurationPlatforms) = postSolution
		{A451A0D4-E3AA-4952-8647-46F6AD000079}.Debug|Any CPU.ActiveCfg = Debug|Any CPU
		{A451A0D4-E3AA-4952-8647-46F6AD000079}.Debug|Any CPU.Build.0 = Debug|Any CPU
		{A451A0D4-E3AA-4952-8647-46F6AD000079}.Release|Any CPU.ActiveCfg = Release|Any CPU
		{A451A0D4-E3AA-4952-8647-46F6AD000079}.Release|Any CPU.Build.0 = Release|Any CPU
		{03291207-ED73-4FBE-A766-9B1502363652}.Debug|Any CPU.ActiveCfg = Debug|Any CPU
		{03291207-ED73-4FBE-A766-9B1502363652}.Debug|Any CPU.Build.0 = Debug|Any CPU
		{03291207-ED73-4FBE-A766-9B1502363652}.Release|Any CPU.ActiveCfg = Release|Any CPU
		{03291207-ED73-4FBE-A766-9B1502363652}.Release|Any CPU.Build.0 = Release|Any CPU
		{07F14EBB-A33C-43F6-BA51-A4CA45E6A711}.Debug|Any CPU.ActiveCfg = Debug|Any CPU
		{07F14EBB-A33C-43F6-BA51-A4CA45E6A711}.Debug|Any CPU.Build.0 = Debug|Any CPU
		{07F14EBB-A33C-43F6-BA51-A4CA45E6A711}.Release|Any CPU.ActiveCfg = Release|Any CPU
		{07F14EBB-A33C-43F6-BA51-A4CA45E6A711}.Release|Any CPU.Build.0 = Release|Any CPU
	EndGlobalSection
	GlobalSection(SolutionProperties) = preSolution
		HideSolutionNode = FALSE
	EndGlobalSection
	GlobalSection(ExtensibilityGlobals) = postSolution
		SolutionGuid = {09875562-A380-4408-8CBB-A357A0F5FEF3}
	EndGlobalSection
EndGlobal
